github.com/CARNOTT-SNAP/dfaf18ff9f58481bbab4c26ca49ad74e v0.0.0-20200421214220-95a35332b4ff h1:4YVJyte8sfs2LkzH1XaFtURa824OoZ4gx34ApmaC7LI=
github.com/CARNOTT-SNAP/dfaf18ff9f58481bbab4c26ca49ad74e v0.0.0-20200421214220-95a35332b4ff/go.mod h1:pz68YHN4pr1ewhJ6nX5eNKJRJ3xT0VtuQwnRM4SjC/4=
github.com/carnott-snap/f3de8292c626470d94bea7bcec9c6e18 v0.0.0-20200421214210-876276554617 h1:BQruP8wT6PUTvZN6g0d41pYJbFpHw3ihpwzKCbJj6VU=
github.com/carnott-snap/f3de8292c626470d94bea7bcec9c6e18 v0.0.0-20200421214210-876276554617/go.mod h1:hwywPYvpANe5PC26nuHWJ939pupCLEDxTMK/Tivw4DM=
