github.com/CARNOTT-SNAP/dfaf18ff9f58481bbab4c26ca49ad74e v0.0.0-20200421214220-95a35332b4ff h1:4YVJyte8sfs2LkzH1XaFtURa824OoZ4gx34ApmaC7LI=
github.com/CARNOTT-SNAP/dfaf18ff9f58481bbab4c26ca49ad74e v0.0.0-20200421214220-95a35332b4ff/go.mod h1:pz68YHN4pr1ewhJ6nX5eNKJRJ3xT0VtuQwnRM4SjC/4=
github.com/carnott-snap/f3de8292c626470d94bea7bcec9c6e18 v0.0.0-20200421215234-72aa0ee74050 h1:CIvxwJzpFyqHxCh3ZG9FK4dBlrlQouypmTXtg5mz3cQ=
github.com/carnott-snap/f3de8292c626470d94bea7bcec9c6e18 v0.0.0-20200421215234-72aa0ee74050/go.mod h1:hwywPYvpANe5PC26nuHWJ939pupCLEDxTMK/Tivw4DM=
